
Microsoft Visual Studio Solution File, Format Version 12.00
# Visual Studio Version 16
VisualStudioVersion = 16.0.30309.148
MinimumVisualStudioVersion = 10.0.40219.1
Project("{FAE04EC0-301F-11D3-BF4B-00C04F79EFBC}") = "RECO", "RECO\RECO.csproj", "{7476BF69-8ED0-4B1E-9621-E9ABDF529C1F}"
EndProject
Global
	GlobalSection(SolutionConfigurationPlatforms) = preSolution
		Debug|Any CPU = Debug|Any CPU
		Release|Any CPU = Release|Any CPU
	EndGlobalSection
	GlobalSection(ProjectConfigurationPlatforms) = postSolution
		{7476BF69-8ED0-4B1E-9621-E9ABDF529C1F}.Debug|Any CPU.ActiveCfg = Debug|Any CPU
		{7476BF69-8ED0-4B1E-9621-E9ABDF529C1F}.Debug|Any CPU.Build.0 = Debug|Any CPU
		{7476BF69-8ED0-4B1E-9621-E9ABDF529C1F}.Release|Any CPU.ActiveCfg = Release|Any CPU
		{7476BF69-8ED0-4B1E-9621-E9ABDF529C1F}.Release|Any CPU.Build.0 = Release|Any CPU
	EndGlobalSection
	GlobalSection(SolutionProperties) = preSolution
		HideSolutionNode = FALSE
	EndGlobalSection
	GlobalSection(ExtensibilityGlobals) = postSolution
		SolutionGuid = {6EDC1F64-EA4F-4EF3-A2FB-2C52EAF0C411}
	EndGlobalSection
EndGlobal
